// !$*UTF8*$!
{
	archiveVersion = 1;
	classes = {
	};
	objectVersion = 77;
	objects = {

/* Begin PBXBuildFile section */
		972A25162D986D4B007A09A8 /* NetworkExtension.framework in Frameworks */ = {isa = PBXBuildFile; fileRef = 972A25152D986D4B007A09A8 /* NetworkExtension.framework */; };
		972A251E2D986D4B007A09A8 /* StopBetVPN.appex in Embed Foundation Extensions */ = {isa = PBXBuildFile; fileRef = 972A25132D986D4B007A09A8 /* StopBetVPN.appex */; settings = {ATTRIBUTES = (RemoveHeadersOnCopy, ); }; };
/* End PBXBuildFile section */

/* Begin PBXContainerItemProxy section */
		972A251C2D986D4B007A09A8 /* PBXContainerItemProxy */ = {
			isa = PBXContainerItemProxy;
			containerPortal = 972DCC272D97091E009DCE4B /* Project object */;
			proxyType = 1;
			remoteGlobalIDString = 972A25122D986D4B007A09A8;
			remoteInfo = StopBetVPN;
		};
		972DCC402D970921009DCE4B /* PBXContainerItemProxy */ = {
			isa = PBXContainerItemProxy;
			containerPortal = 972DCC272D97091E009DCE4B /* Project object */;
			proxyType = 1;
			remoteGlobalIDString = 972DCC2E2D97091E009DCE4B;
			remoteInfo = ZeroBet;
		};
		972DCC4A2D970921009DCE4B /* PBXContainerItemProxy */ = {
			isa = PBXContainerItemProxy;
			containerPortal = 972DCC272D97091E009DCE4B /* Project object */;
			proxyType = 1;
			remoteGlobalIDString = 972DCC2E2D97091E009DCE4B;
			remoteInfo = ZeroBet;
		};
/* End PBXContainerItemProxy section */

/* Begin PBXCopyFilesBuildPhase section */
		972A25232D986D4B007A09A8 /* Embed Foundation Extensions */ = {
			isa = PBXCopyFilesBuildPhase;
			buildActionMask = 2147483647;
			dstPath = "";
			dstSubfolderSpec = 13;
			files = (
				972A251E2D986D4B007A09A8 /* StopBetVPN.appex in Embed Foundation Extensions */,
			);
			name = "Embed Foundation Extensions";
			runOnlyForDeploymentPostprocessing = 0;
		};
/* End PBXCopyFilesBuildPhase section */

/* Begin PBXFileReference section */
		972A25132D986D4B007A09A8 /* StopBetVPN.appex */ = {isa = PBXFileReference; explicitFileType = "wrapper.app-extension"; includeInIndex = 0; path = StopBetVPN.appex; sourceTree = BUILT_PRODUCTS_DIR; };
		972A25152D986D4B007A09A8 /* NetworkExtension.framework */ = {isa = PBXFileReference; lastKnownFileType = wrapper.framework; name = NetworkExtension.framework; path = System/Library/Frameworks/NetworkExtension.framework; sourceTree = SDKROOT; };
		972DCC2F2D97091E009DCE4B /* StopBet.app */ = {isa = PBXFileReference; explicitFileType = wrapper.application; includeInIndex = 0; path = StopBet.app; sourceTree = BUILT_PRODUCTS_DIR; };
		972DCC3F2D970921009DCE4B /* StopBetTests.xctest */ = {isa = PBXFileReference; explicitFileType = wrapper.cfbundle; includeInIndex = 0; path = StopBetTests.xctest; sourceTree = BUILT_PRODUCTS_DIR; };
		972DCC492D970921009DCE4B /* StopBetUITests.xctest */ = {isa = PBXFileReference; explicitFileType = wrapper.cfbundle; includeInIndex = 0; path = StopBetUITests.xctest; sourceTree = BUILT_PRODUCTS_DIR; };
/* End PBXFileReference section */

/* Begin PBXFileSystemSynchronizedBuildFileExceptionSet section */
		972A25222D986D4B007A09A8 /* Exceptions for "StopBetVPN" folder in "StopBetVPN" target */ = {
			isa = PBXFileSystemSynchronizedBuildFileExceptionSet;
			membershipExceptions = (
				Info.plist,
			);
			target = 972A25122D986D4B007A09A8 /* StopBetVPN */;
		};
		972A252B2D987032007A09A8 /* Exceptions for "StopBet" folder in "StopBet" target */ = {
			isa = PBXFileSystemSynchronizedBuildFileExceptionSet;
			membershipExceptions = (
				Info.plist,
			);
			target = 972DCC2E2D97091E009DCE4B /* StopBet */;
		};
		97E728CA2D9899AD000301E5 /* Exceptions for "StopBet" folder in "StopBetVPN" target */ = {
			isa = PBXFileSystemSynchronizedBuildFileExceptionSet;
			membershipExceptions = (
				Shared/Models/UseSessionModel.swift,
				Shared/Services/SessionMonitorService.swift,
			);
			target = 972A25122D986D4B007A09A8 /* StopBetVPN */;
		};
/* End PBXFileSystemSynchronizedBuildFileExceptionSet section */

/* Begin PBXFileSystemSynchronizedRootGroup section */
		972A25172D986D4B007A09A8 /* StopBetVPN */ = {
			isa = PBXFileSystemSynchronizedRootGroup;
			exceptions = (
				972A25222D986D4B007A09A8 /* Exceptions for "StopBetVPN" folder in "StopBetVPN" target */,
			);
			path = StopBetVPN;
			sourceTree = "<group>";
		};
		972DCC312D97091E009DCE4B /* StopBet */ = {
			isa = PBXFileSystemSynchronizedRootGroup;
			exceptions = (
				972A252B2D987032007A09A8 /* Exceptions for "StopBet" folder in "StopBet" target */,
				97E728CA2D9899AD000301E5 /* Exceptions for "StopBet" folder in "StopBetVPN" target */,
			);
			path = StopBet;
			sourceTree = "<group>";
		};
/* End PBXFileSystemSynchronizedRootGroup section */

/* Begin PBXFrameworksBuildPhase section */
		972A25102D986D4B007A09A8 /* Frameworks */ = {
			isa = PBXFrameworksBuildPhase;
			buildActionMask = 2147483647;
			files = (
				972A25162D986D4B007A09A8 /* NetworkExtension.framework in Frameworks */,
			);
			runOnlyForDeploymentPostprocessing = 0;
		};
		972DCC2C2D97091E009DCE4B /* Frameworks */ = {
			isa = PBXFrameworksBuildPhase;
			buildActionMask = 2147483647;
			files = (
			);
			runOnlyForDeploymentPostprocessing = 0;
		};
		972DCC3C2D970921009DCE4B /* Frameworks */ = {
			isa = PBXFrameworksBuildPhase;
			buildActionMask = 2147483647;
			files = (
			);
			runOnlyForDeploymentPostprocessing = 0;
		};
		972DCC462D970921009DCE4B /* Frameworks */ = {
			isa = PBXFrameworksBuildPhase;
			buildActionMask = 2147483647;
			files = (
			);
			runOnlyForDeploymentPostprocessing = 0;
		};
/* End PBXFrameworksBuildPhase section */

/* Begin PBXGroup section */
		972A25142D986D4B007A09A8 /* Frameworks */ = {
			isa = PBXGroup;
			children = (
				972A25152D986D4B007A09A8 /* NetworkExtension.framework */,
			);
			name = Frameworks;
			sourceTree = "<group>";
		};
		972DCC262D97091E009DCE4B = {
			isa = PBXGroup;
			children = (
				972DCC312D97091E009DCE4B /* StopBet */,
				972A25172D986D4B007A09A8 /* StopBetVPN */,
				972A25142D986D4B007A09A8 /* Frameworks */,
				972DCC302D97091E009DCE4B /* Products */,
			);
			sourceTree = "<group>";
		};
		972DCC302D97091E009DCE4B /* Products */ = {
			isa = PBXGroup;
			children = (
				972DCC2F2D97091E009DCE4B /* StopBet.app */,
				972DCC3F2D970921009DCE4B /* StopBetTests.xctest */,
				972DCC492D970921009DCE4B /* StopBetUITests.xctest */,
				972A25132D986D4B007A09A8 /* StopBetVPN.appex */,
			);
			name = Products;
			sourceTree = "<group>";
		};
/* End PBXGroup section */

/* Begin PBXNativeTarget section */
		972A25122D986D4B007A09A8 /* StopBetVPN */ = {
			isa = PBXNativeTarget;
			buildConfigurationList = 972A251F2D986D4B007A09A8 /* Build configuration list for PBXNativeTarget "StopBetVPN" */;
			buildPhases = (
				972A250F2D986D4B007A09A8 /* Sources */,
				972A25102D986D4B007A09A8 /* Frameworks */,
				972A25112D986D4B007A09A8 /* Resources */,
			);
			buildRules = (
			);
			dependencies = (
			);
			fileSystemSynchronizedGroups = (
				972A25172D986D4B007A09A8 /* StopBetVPN */,
			);
			name = StopBetVPN;
			packageProductDependencies = (
			);
			productName = StopBetVPN;
			productReference = 972A25132D986D4B007A09A8 /* StopBetVPN.appex */;
			productType = "com.apple.product-type.app-extension";
		};
		972DCC2E2D97091E009DCE4B /* StopBet */ = {
			isa = PBXNativeTarget;
			buildConfigurationList = 972DCC532D970921009DCE4B /* Build configuration list for PBXNativeTarget "StopBet" */;
			buildPhases = (
				972DCC2B2D97091E009DCE4B /* Sources */,
				972DCC2C2D97091E009DCE4B /* Frameworks */,
				972DCC2D2D97091E009DCE4B /* Resources */,
				972A25232D986D4B007A09A8 /* Embed Foundation Extensions */,
			);
			buildRules = (
			);
			dependencies = (
				972A251D2D986D4B007A09A8 /* PBXTargetDependency */,
			);
			fileSystemSynchronizedGroups = (
				972DCC312D97091E009DCE4B /* StopBet */,
			);
			name = StopBet;
			packageProductDependencies = (
			);
			productName = ZeroBet;
			productReference = 972DCC2F2D97091E009DCE4B /* StopBet.app */;
			productType = "com.apple.product-type.application";
		};
		972DCC3E2D970921009DCE4B /* StopBetTests */ = {
			isa = PBXNativeTarget;
			buildConfigurationList = 972DCC562D970921009DCE4B /* Build configuration list for PBXNativeTarget "StopBetTests" */;
			buildPhases = (
				972DCC3B2D970921009DCE4B /* Sources */,
				972DCC3C2D970921009DCE4B /* Frameworks */,
				972DCC3D2D970921009DCE4B /* Resources */,
			);
			buildRules = (
			);
			dependencies = (
				972DCC412D970921009DCE4B /* PBXTargetDependency */,
			);
			name = StopBetTests;
			packageProductDependencies = (
			);
			productName = ZeroBetTests;
			productReference = 972DCC3F2D970921009DCE4B /* StopBetTests.xctest */;
			productType = "com.apple.product-type.bundle.unit-test";
		};
		972DCC482D970921009DCE4B /* StopBetUITests */ = {
			isa = PBXNativeTarget;
			buildConfigurationList = 972DCC592D970921009DCE4B /* Build configuration list for PBXNativeTarget "StopBetUITests" */;
			buildPhases = (
				972DCC452D970921009DCE4B /* Sources */,
				972DCC462D970921009DCE4B /* Frameworks */,
				972DCC472D970921009DCE4B /* Resources */,
			);
			buildRules = (
			);
			dependencies = (
				972DCC4B2D970921009DCE4B /* PBXTargetDependency */,
			);
			name = StopBetUITests;
			packageProductDependencies = (
			);
			productName = ZeroBetUITests;
			productReference = 972DCC492D970921009DCE4B /* StopBetUITests.xctest */;
			productType = "com.apple.product-type.bundle.ui-testing";
		};
/* End PBXNativeTarget section */

/* Begin PBXProject section */
		972DCC272D97091E009DCE4B /* Project object */ = {
			isa = PBXProject;
			attributes = {
				BuildIndependentTargetsInParallel = 1;
				LastSwiftUpdateCheck = 1620;
				LastUpgradeCheck = 1620;
				TargetAttributes = {
					972A25122D986D4B007A09A8 = {
						CreatedOnToolsVersion = 16.2;
					};
					972DCC2E2D97091E009DCE4B = {
						CreatedOnToolsVersion = 16.2;
					};
					972DCC3E2D970921009DCE4B = {
						CreatedOnToolsVersion = 16.2;
						TestTargetID = 972DCC2E2D97091E009DCE4B;
					};
					972DCC482D970921009DCE4B = {
						CreatedOnToolsVersion = 16.2;
						TestTargetID = 972DCC2E2D97091E009DCE4B;
					};
				};
			};
			buildConfigurationList = 972DCC2A2D97091E009DCE4B /* Build configuration list for PBXProject "StopBet" */;
			developmentRegion = en;
			hasScannedForEncodings = 0;
			knownRegions = (
				en,
				Base,
			);
			mainGroup = 972DCC262D97091E009DCE4B;
			minimizedProjectReferenceProxies = 1;
			preferredProjectObjectVersion = 77;
			productRefGroup = 972DCC302D97091E009DCE4B /* Products */;
			projectDirPath = "";
			projectRoot = "";
			targets = (
				972DCC2E2D97091E009DCE4B /* StopBet */,
				972DCC3E2D970921009DCE4B /* StopBetTests */,
				972DCC482D970921009DCE4B /* StopBetUITests */,
				972A25122D986D4B007A09A8 /* StopBetVPN */,
			);
		};
/* End PBXProject section */

/* Begin PBXResourcesBuildPhase section */
		972A25112D986D4B007A09A8 /* Resources */ = {
			isa = PBXResourcesBuildPhase;
			buildActionMask = 2147483647;
			files = (
			);
			runOnlyForDeploymentPostprocessing = 0;
		};
		972DCC2D2D97091E009DCE4B /* Resources */ = {
			isa = PBXResourcesBuildPhase;
			buildActionMask = 2147483647;
			files = (
			);
			runOnlyForDeploymentPostprocessing = 0;
		};
		972DCC3D2D970921009DCE4B /* Resources */ = {
			isa = PBXResourcesBuildPhase;
			buildActionMask = 2147483647;
			files = (
			);
			runOnlyForDeploymentPostprocessing = 0;
		};
		972DCC472D970921009DCE4B /* Resources */ = {
			isa = PBXResourcesBuildPhase;
			buildActionMask = 2147483647;
			files = (
			);
			runOnlyForDeploymentPostprocessing = 0;
		};
/* End PBXResourcesBuildPhase section */

/* Begin PBXSourcesBuildPhase section */
		972A250F2D986D4B007A09A8 /* Sources */ = {
			isa = PBXSourcesBuildPhase;
			buildActionMask = 2147483647;
			files = (
			);
			runOnlyForDeploymentPostprocessing = 0;
		};
		972DCC2B2D97091E009DCE4B /* Sources */ = {
			isa = PBXSourcesBuildPhase;
			buildActionMask = 2147483647;
			files = (
			);
			runOnlyForDeploymentPostprocessing = 0;
		};
		972DCC3B2D970921009DCE4B /* Sources */ = {
			isa = PBXSourcesBuildPhase;
			buildActionMask = 2147483647;
			files = (
			);
			runOnlyForDeploymentPostprocessing = 0;
		};
		972DCC452D970921009DCE4B /* Sources */ = {
			isa = PBXSourcesBuildPhase;
			buildActionMask = 2147483647;
			files = (
			);
			runOnlyForDeploymentPostprocessing = 0;
		};
/* End PBXSourcesBuildPhase section */

/* Begin PBXTargetDependency section */
		972A251D2D986D4B007A09A8 /* PBXTargetDependency */ = {
			isa = PBXTargetDependency;
			target = 972A25122D986D4B007A09A8 /* StopBetVPN */;
			targetProxy = 972A251C2D986D4B007A09A8 /* PBXContainerItemProxy */;
		};
		972DCC412D970921009DCE4B /* PBXTargetDependency */ = {
			isa = PBXTargetDependency;
			target = 972DCC2E2D97091E009DCE4B /* StopBet */;
			targetProxy = 972DCC402D970921009DCE4B /* PBXContainerItemProxy */;
		};
		972DCC4B2D970921009DCE4B /* PBXTargetDependency */ = {
			isa = PBXTargetDependency;
			target = 972DCC2E2D97091E009DCE4B /* StopBet */;
			targetProxy = 972DCC4A2D970921009DCE4B /* PBXContainerItemProxy */;
		};
/* End PBXTargetDependency section */

/* Begin XCBuildConfiguration section */
		972A25202D986D4B007A09A8 /* Debug */ = {
			isa = XCBuildConfiguration;
			buildSettings = {
				CODE_SIGN_ENTITLEMENTS = StopBetVPN/StopBetVPN.entitlements;
				CODE_SIGN_STYLE = Automatic;
				CURRENT_PROJECT_VERSION = 1;
				DEVELOPMENT_TEAM = 3GWWG6KRR3;
				GENERATE_INFOPLIST_FILE = YES;
				INFOPLIST_FILE = StopBetVPN/Info.plist;
				INFOPLIST_KEY_CFBundleDisplayName = StopBetVPN;
				INFOPLIST_KEY_NSHumanReadableCopyright = "";
				LD_RUNPATH_SEARCH_PATHS = (
					"$(inherited)",
					"@executable_path/Frameworks",
					"@executable_path/../../Frameworks",
				);
				MARKETING_VERSION = 1.0;
				PRODUCT_BUNDLE_IDENTIFIER = com.brunohashimoto.stopbetapp.StopBetVPN;
				PRODUCT_NAME = "$(TARGET_NAME)";
				SKIP_INSTALL = YES;
				SWIFT_EMIT_LOC_STRINGS = YES;
				SWIFT_VERSION = 5.0;
				TARGETED_DEVICE_FAMILY = "1,2";
			};
			name = Debug;
		};
		972A25212D986D4B007A09A8 /* Release */ = {
			isa = XCBuildConfiguration;
			buildSettings = {
				CODE_SIGN_ENTITLEMENTS = StopBetVPN/StopBetVPN.entitlements;
				CODE_SIGN_STYLE = Automatic;
				CURRENT_PROJECT_VERSION = 1;
				DEVELOPMENT_TEAM = 3GWWG6KRR3;
				GENERATE_INFOPLIST_FILE = YES;
				INFOPLIST_FILE = StopBetVPN/Info.plist;
				INFOPLIST_KEY_CFBundleDisplayName = StopBetVPN;
				INFOPLIST_KEY_NSHumanReadableCopyright = "";
				LD_RUNPATH_SEARCH_PATHS = (
					"$(inherited)",
					"@executable_path/Frameworks",
					"@executable_path/../../Frameworks",
				);
				MARKETING_VERSION = 1.0;
				PRODUCT_BUNDLE_IDENTIFIER = com.brunohashimoto.stopbetapp.StopBetVPN;
				PRODUCT_NAME = "$(TARGET_NAME)";
				SKIP_INSTALL = YES;
				SWIFT_EMIT_LOC_STRINGS = YES;
				SWIFT_VERSION = 5.0;
				TARGETED_DEVICE_FAMILY = "1,2";
			};
			name = Release;
		};
		972DCC512D970921009DCE4B /* Debug */ = {
			isa = XCBuildConfiguration;
			buildSettings = {
				ALWAYS_SEARCH_USER_PATHS = NO;
				ASSETCATALOG_COMPILER_GENERATE_SWIFT_ASSET_SYMBOL_EXTENSIONS = YES;
				CLANG_ANALYZER_NONNULL = YES;
				CLANG_ANALYZER_NUMBER_OBJECT_CONVERSION = YES_AGGRESSIVE;
				CLANG_CXX_LANGUAGE_STANDARD = "gnu++20";
				CLANG_ENABLE_MODULES = YES;
				CLANG_ENABLE_OBJC_ARC = YES;
				CLANG_ENABLE_OBJC_WEAK = YES;
				CLANG_WARN_BLOCK_CAPTURE_AUTORELEASING = YES;
				CLANG_WARN_BOOL_CONVERSION = YES;
				CLANG_WARN_COMMA = YES;
				CLANG_WARN_CONSTANT_CONVERSION = YES;
				CLANG_WARN_DEPRECATED_OBJC_IMPLEMENTATIONS = YES;
				CLANG_WARN_DIRECT_OBJC_ISA_USAGE = YES_ERROR;
				CLANG_WARN_DOCUMENTATION_COMMENTS = YES;
				CLANG_WARN_EMPTY_BODY = YES;
				CLANG_WARN_ENUM_CONVERSION = YES;
				CLANG_WARN_INFINITE_RECURSION = YES;
				CLANG_WARN_INT_CONVERSION = YES;
				CLANG_WARN_NON_LITERAL_NULL_CONVERSION = YES;
				CLANG_WARN_OBJC_IMPLICIT_RETAIN_SELF = YES;
				CLANG_WARN_OBJC_LITERAL_CONVERSION = YES;
				CLANG_WARN_OBJC_ROOT_CLASS = YES_ERROR;
				CLANG_WARN_QUOTED_INCLUDE_IN_FRAMEWORK_HEADER = YES;
				CLANG_WARN_RANGE_LOOP_ANALYSIS = YES;
				CLANG_WARN_STRICT_PROTOTYPES = YES;
				CLANG_WARN_SUSPICIOUS_MOVE = YES;
				CLANG_WARN_UNGUARDED_AVAILABILITY = YES_AGGRESSIVE;
				CLANG_WARN_UNREACHABLE_CODE = YES;
				CLANG_WARN__DUPLICATE_METHOD_MATCH = YES;
				COPY_PHASE_STRIP = NO;
				DEBUG_INFORMATION_FORMAT = dwarf;
				ENABLE_STRICT_OBJC_MSGSEND = YES;
				ENABLE_TESTABILITY = YES;
				ENABLE_USER_SCRIPT_SANDBOXING = YES;
				GCC_C_LANGUAGE_STANDARD = gnu17;
				GCC_DYNAMIC_NO_PIC = NO;
				GCC_NO_COMMON_BLOCKS = YES;
				GCC_OPTIMIZATION_LEVEL = 0;
				GCC_PREPROCESSOR_DEFINITIONS = (
					"DEBUG=1",
					"$(inherited)",
				);
				GCC_WARN_64_TO_32_BIT_CONVERSION = YES;
				GCC_WARN_ABOUT_RETURN_TYPE = YES_ERROR;
				GCC_WARN_UNDECLARED_SELECTOR = YES;
				GCC_WARN_UNINITIALIZED_AUTOS = YES_AGGRESSIVE;
				GCC_WARN_UNUSED_FUNCTION = YES;
				GCC_WARN_UNUSED_VARIABLE = YES;
				IPHONEOS_DEPLOYMENT_TARGET = 18.2;
				LOCALIZATION_PREFERS_STRING_CATALOGS = YES;
				MTL_ENABLE_DEBUG_INFO = INCLUDE_SOURCE;
				MTL_FAST_MATH = YES;
				ONLY_ACTIVE_ARCH = YES;
				SDKROOT = iphoneos;
				SWIFT_ACTIVE_COMPILATION_CONDITIONS = "DEBUG $(inherited)";
				SWIFT_OPTIMIZATION_LEVEL = "-Onone";
			};
			name = Debug;
		};
		972DCC522D970921009DCE4B /* Release */ = {
			isa = XCBuildConfiguration;
			buildSettings = {
				ALWAYS_SEARCH_USER_PATHS = NO;
				ASSETCATALOG_COMPILER_GENERATE_SWIFT_ASSET_SYMBOL_EXTENSIONS = YES;
				CLANG_ANALYZER_NONNULL = YES;
				CLANG_ANALYZER_NUMBER_OBJECT_CONVERSION = YES_AGGRESSIVE;
				CLANG_CXX_LANGUAGE_STANDARD = "gnu++20";
				CLANG_ENABLE_MODULES = YES;
				CLANG_ENABLE_OBJC_ARC = YES;
				CLANG_ENABLE_OBJC_WEAK = YES;
				CLANG_WARN_BLOCK_CAPTURE_AUTORELEASING = YES;
				CLANG_WARN_BOOL_CONVERSION = YES;
				CLANG_WARN_COMMA = YES;
				CLANG_WARN_CONSTANT_CONVERSION = YES;
				CLANG_WARN_DEPRECATED_OBJC_IMPLEMENTATIONS = YES;
				CLANG_WARN_DIRECT_OBJC_ISA_USAGE = YES_ERROR;
				CLANG_WARN_DOCUMENTATION_COMMENTS = YES;
				CLANG_WARN_EMPTY_BODY = YES;
				CLANG_WARN_ENUM_CONVERSION = YES;
				CLANG_WARN_INFINITE_RECURSION = YES;
				CLANG_WARN_INT_CONVERSION = YES;
				CLANG_WARN_NON_LITERAL_NULL_CONVERSION = YES;
				CLANG_WARN_OBJC_IMPLICIT_RETAIN_SELF = YES;
				CLANG_WARN_OBJC_LITERAL_CONVERSION = YES;
				CLANG_WARN_OBJC_ROOT_CLASS = YES_ERROR;
				CLANG_WARN_QUOTED_INCLUDE_IN_FRAMEWORK_HEADER = YES;
				CLANG_WARN_RANGE_LOOP_ANALYSIS = YES;
				CLANG_WARN_STRICT_PROTOTYPES = YES;
				CLANG_WARN_SUSPICIOUS_MOVE = YES;
				CLANG_WARN_UNGUARDED_AVAILABILITY = YES_AGGRESSIVE;
				CLANG_WARN_UNREACHABLE_CODE = YES;
				CLANG_WARN__DUPLICATE_METHOD_MATCH = YES;
				COPY_PHASE_STRIP = NO;
				DEBUG_INFORMATION_FORMAT = "dwarf-with-dsym";
				ENABLE_NS_ASSERTIONS = NO;
				ENABLE_STRICT_OBJC_MSGSEND = YES;
				ENABLE_USER_SCRIPT_SANDBOXING = YES;
				GCC_C_LANGUAGE_STANDARD = gnu17;
				GCC_NO_COMMON_BLOCKS = YES;
				GCC_WARN_64_TO_32_BIT_CONVERSION = YES;
				GCC_WARN_ABOUT_RETURN_TYPE = YES_ERROR;
				GCC_WARN_UNDECLARED_SELECTOR = YES;
				GCC_WARN_UNINITIALIZED_AUTOS = YES_AGGRESSIVE;
				GCC_WARN_UNUSED_FUNCTION = YES;
				GCC_WARN_UNUSED_VARIABLE = YES;
				IPHONEOS_DEPLOYMENT_TARGET = 18.2;
				LOCALIZATION_PREFERS_STRING_CATALOGS = YES;
				MTL_ENABLE_DEBUG_INFO = NO;
				MTL_FAST_MATH = YES;
				SDKROOT = iphoneos;
				SWIFT_COMPILATION_MODE = wholemodule;
				VALIDATE_PRODUCT = YES;
			};
			name = Release;
		};
		972DCC542D970921009DCE4B /* Debug */ = {
			isa = XCBuildConfiguration;
			buildSettings = {
				ASSETCATALOG_COMPILER_APPICON_NAME = AppIcon;
				ASSETCATALOG_COMPILER_GLOBAL_ACCENT_COLOR_NAME = AccentColor;
				CODE_SIGN_ENTITLEMENTS = StopBet/StopBet.entitlements;
				CODE_SIGN_STYLE = Automatic;
				CURRENT_PROJECT_VERSION = 1;
				DEVELOPMENT_ASSET_PATHS = "\"StopBet/Preview Content\"";
				DEVELOPMENT_TEAM = 3GWWG6KRR3;
				ENABLE_PREVIEWS = YES;
				GENERATE_INFOPLIST_FILE = YES;
				INFOPLIST_FILE = StopBet/Info.plist;
				INFOPLIST_KEY_CFBundleDisplayName = StopBet;
				INFOPLIST_KEY_LSApplicationCategoryType = "public.app-category.productivity";
				INFOPLIST_KEY_UIApplicationSceneManifest_Generation = YES;
				INFOPLIST_KEY_UIApplicationSupportsIndirectInputEvents = YES;
				INFOPLIST_KEY_UILaunchScreen_Generation = YES;
				INFOPLIST_KEY_UISupportedInterfaceOrientations_iPad = "UIInterfaceOrientationPortrait UIInterfaceOrientationPortraitUpsideDown UIInterfaceOrientationLandscapeLeft UIInterfaceOrientationLandscapeRight";
				INFOPLIST_KEY_UISupportedInterfaceOrientations_iPhone = "UIInterfaceOrientationPortrait UIInterfaceOrientationLandscapeLeft UIInterfaceOrientationLandscapeRight";
				IPHONEOS_DEPLOYMENT_TARGET = 18.0;
				LD_RUNPATH_SEARCH_PATHS = (
					"$(inherited)",
					"@executable_path/Frameworks",
				);
				MARKETING_VERSION = 1.0;
				PRODUCT_BUNDLE_IDENTIFIER = com.brunohashimoto.stopbetapp;
				PRODUCT_NAME = "$(TARGET_NAME)";
				SWIFT_EMIT_LOC_STRINGS = YES;
				SWIFT_VERSION = 5.0;
				TARGETED_DEVICE_FAMILY = "1,2";
			};
			name = Debug;
		};
		972DCC552D970921009DCE4B /* Release */ = {
			isa = XCBuildConfiguration;
			buildSettings = {
				ASSETCATALOG_COMPILER_APPICON_NAME = AppIcon;
				ASSETCATALOG_COMPILER_GLOBAL_ACCENT_COLOR_NAME = AccentColor;
				CODE_SIGN_ENTITLEMENTS = StopBet/StopBet.entitlements;
				CODE_SIGN_STYLE = Automatic;
				CURRENT_PROJECT_VERSION = 1;
				DEVELOPMENT_ASSET_PATHS = "\"StopBet/Preview Content\"";
				DEVELOPMENT_TEAM = 3GWWG6KRR3;
				ENABLE_PREVIEWS = YES;
				GENERATE_INFOPLIST_FILE = YES;
				INFOPLIST_FILE = StopBet/Info.plist;
				INFOPLIST_KEY_CFBundleDisplayName = StopBet;
				INFOPLIST_KEY_LSApplicationCategoryType = "public.app-category.productivity";
				INFOPLIST_KEY_UIApplicationSceneManifest_Generation = YES;
				INFOPLIST_KEY_UIApplicationSupportsIndirectInputEvents = YES;
				INFOPLIST_KEY_UILaunchScreen_Generation = YES;
				INFOPLIST_KEY_UISupportedInterfaceOrientations_iPad = "UIInterfaceOrientationPortrait UIInterfaceOrientationPortraitUpsideDown UIInterfaceOrientationLandscapeLeft UIInterfaceOrientationLandscapeRight";
				INFOPLIST_KEY_UISupportedInterfaceOrientations_iPhone = "UIInterfaceOrientationPortrait UIInterfaceOrientationLandscapeLeft UIInterfaceOrientationLandscapeRight";
				IPHONEOS_DEPLOYMENT_TARGET = 18.0;
				LD_RUNPATH_SEARCH_PATHS = (
					"$(inherited)",
					"@executable_path/Frameworks",
				);
				MARKETING_VERSION = 1.0;
				PRODUCT_BUNDLE_IDENTIFIER = com.brunohashimoto.stopbetapp;
				PRODUCT_NAME = "$(TARGET_NAME)";
				SWIFT_EMIT_LOC_STRINGS = YES;
				SWIFT_VERSION = 5.0;
				TARGETED_DEVICE_FAMILY = "1,2";
			};
			name = Release;
		};
		972DCC572D970921009DCE4B /* Debug */ = {
			isa = XCBuildConfiguration;
			buildSettings = {
				BUNDLE_LOADER = "$(TEST_HOST)";
				CODE_SIGN_STYLE = Automatic;
				CURRENT_PROJECT_VERSION = 1;
				GENERATE_INFOPLIST_FILE = YES;
				IPHONEOS_DEPLOYMENT_TARGET = 18.2;
				MARKETING_VERSION = 1.0;
				PRODUCT_BUNDLE_IDENTIFIER = brunohashimoto.ZeroBetTests;
				PRODUCT_NAME = "$(TARGET_NAME)";
				SWIFT_EMIT_LOC_STRINGS = NO;
				SWIFT_VERSION = 5.0;
				TARGETED_DEVICE_FAMILY = "1,2";
				TEST_HOST = "$(BUILT_PRODUCTS_DIR)/StopBet.app/$(BUNDLE_EXECUTABLE_FOLDER_PATH)/StopBet";
			};
			name = Debug;
		};
		972DCC582D970921009DCE4B /* Release */ = {
			isa = XCBuildConfiguration;
			buildSettings = {
				BUNDLE_LOADER = "$(TEST_HOST)";
				CODE_SIGN_STYLE = Automatic;
				CURRENT_PROJECT_VERSION = 1;
				GENERATE_INFOPLIST_FILE = YES;
				IPHONEOS_DEPLOYMENT_TARGET = 18.2;
				MARKETING_VERSION = 1.0;
				PRODUCT_BUNDLE_IDENTIFIER = brunohashimoto.ZeroBetTests;
				PRODUCT_NAME = "$(TARGET_NAME)";
				SWIFT_EMIT_LOC_STRINGS = NO;
				SWIFT_VERSION = 5.0;
				TARGETED_DEVICE_FAMILY = "1,2";
				TEST_HOST = "$(BUILT_PRODUCTS_DIR)/StopBet.app/$(BUNDLE_EXECUTABLE_FOLDER_PATH)/StopBet";
			};
			name = Release;
		};
		972DCC5A2D970921009DCE4B /* Debug */ = {
			isa = XCBuildConfiguration;
			buildSettings = {
				CODE_SIGN_STYLE = Automatic;
				CURRENT_PROJECT_VERSION = 1;
				GENERATE_INFOPLIST_FILE = YES;
				MARKETING_VERSION = 1.0;
				PRODUCT_BUNDLE_IDENTIFIER = brunohashimoto.ZeroBetUITests;
				PRODUCT_NAME = "$(TARGET_NAME)";
				SWIFT_EMIT_LOC_STRINGS = NO;
				SWIFT_VERSION = 5.0;
				TARGETED_DEVICE_FAMILY = "1,2";
				TEST_TARGET_NAME = ZeroBet;
			};
			name = Debug;
		};
		972DCC5B2D970921009DCE4B /* Release */ = {
			isa = XCBuildConfiguration;
			buildSettings = {
				CODE_SIGN_STYLE = Automatic;
				CURRENT_PROJECT_VERSION = 1;
				GENERATE_INFOPLIST_FILE = YES;
				MARKETING_VERSION = 1.0;
				PRODUCT_BUNDLE_IDENTIFIER = brunohashimoto.ZeroBetUITests;
				PRODUCT_NAME = "$(TARGET_NAME)";
				SWIFT_EMIT_LOC_STRINGS = NO;
				SWIFT_VERSION = 5.0;
				TARGETED_DEVICE_FAMILY = "1,2";
				TEST_TARGET_NAME = ZeroBet;
			};
			name = Release;
		};
/* End XCBuildConfiguration section */

/* Begin XCConfigurationList section */
		972A251F2D986D4B007A09A8 /* Build configuration list for PBXNativeTarget "StopBetVPN" */ = {
			isa = XCConfigurationList;
			buildConfigurations = (
				972A25202D986D4B007A09A8 /* Debug */,
				972A25212D986D4B007A09A8 /* Release */,
			);
			defaultConfigurationIsVisible = 0;
			defaultConfigurationName = Release;
		};
		972DCC2A2D97091E009DCE4B /* Build configuration list for PBXProject "StopBet" */ = {
			isa = XCConfigurationList;
			buildConfigurations = (
				972DCC512D970921009DCE4B /* Debug */,
				972DCC522D970921009DCE4B /* Release */,
			);
			defaultConfigurationIsVisible = 0;
			defaultConfigurationName = Release;
		};
		972DCC532D970921009DCE4B /* Build configuration list for PBXNativeTarget "StopBet" */ = {
			isa = XCConfigurationList;
			buildConfigurations = (
				972DCC542D970921009DCE4B /* Debug */,
				972DCC552D970921009DCE4B /* Release */,
			);
			defaultConfigurationIsVisible = 0;
			defaultConfigurationName = Release;
		};
		972DCC562D970921009DCE4B /* Build configuration list for PBXNativeTarget "StopBetTests" */ = {
			isa = XCConfigurationList;
			buildConfigurations = (
				972DCC572D970921009DCE4B /* Debug */,
				972DCC582D970921009DCE4B /* Release */,
			);
			defaultConfigurationIsVisible = 0;
			defaultConfigurationName = Release;
		};
		972DCC592D970921009DCE4B /* Build configuration list for PBXNativeTarget "StopBetUITests" */ = {
			isa = XCConfigurationList;
			buildConfigurations = (
				972DCC5A2D970921009DCE4B /* Debug */,
				972DCC5B2D970921009DCE4B /* Release */,
			);
			defaultConfigurationIsVisible = 0;
			defaultConfigurationName = Release;
		};
/* End XCConfigurationList section */
	};
	rootObject = 972DCC272D97091E009DCE4B /* Project object */;
}
